
Microsoft Visual Studio Solution File, Format Version 11.00
# Visual Studio 2010
Project("{F184B08F-C81C-45F6-A57F-5ABD9991F28F}") = "Jam Editor", "Jam Editor\Jam Editor.vbproj", "{1BBA3BC0-2950-4E6E-8DC8-69418F4DFB5E}"
EndProject
Global
	GlobalSection(SolutionConfigurationPlatforms) = preSolution
		Debug|x86 = Debug|x86
		Release|x86 = Release|x86
	EndGlobalSection
	GlobalSection(ProjectConfigurationPlatforms) = postSolution
		{1BBA3BC0-2950-4E6E-8DC8-69418F4DFB5E}.Debug|x86.ActiveCfg = Debug|x86
		{1BBA3BC0-2950-4E6E-8DC8-69418F4DFB5E}.Debug|x86.Build.0 = Debug|x86
		{1BBA3BC0-2950-4E6E-8DC8-69418F4DFB5E}.Release|x86.ActiveCfg = Release|x86
		{1BBA3BC0-2950-4E6E-8DC8-69418F4DFB5E}.Release|x86.Build.0 = Release|x86
	EndGlobalSection
	GlobalSection(SolutionProperties) = preSolution
		HideSolutionNode = FALSE
	EndGlobalSection
EndGlobal
